// !$*UTF8*$!
{
	archiveVersion = 1;
	classes = {
	};
	objectVersion = 46;
	objects = {

/* Begin PBXBuildFile section */
		FB1E05861A12BA0500401AE3 /* main.m in Sources */ = {isa = PBXBuildFile; fileRef = FB1E05851A12BA0500401AE3 /* main.m */; };
		FB1E05891A12BA0500401AE3 /* AppDelegate.m in Sources */ = {isa = PBXBuildFile; fileRef = FB1E05881A12BA0500401AE3 /* AppDelegate.m */; };
		FB1E058C1A12BA0500401AE3 /* LostCharactersChallenge.xcdatamodeld in Sources */ = {isa = PBXBuildFile; fileRef = FB1E058A1A12BA0500401AE3 /* LostCharactersChallenge.xcdatamodeld */; };
		FB1E058F1A12BA0500401AE3 /* RootViewController.m in Sources */ = {isa = PBXBuildFile; fileRef = FB1E058E1A12BA0500401AE3 /* RootViewController.m */; };
		FB1E05921A12BA0500401AE3 /* Main.storyboard in Resources */ = {isa = PBXBuildFile; fileRef = FB1E05901A12BA0500401AE3 /* Main.storyboard */; };
		FB1E05941A12BA0500401AE3 /* Images.xcassets in Resources */ = {isa = PBXBuildFile; fileRef = FB1E05931A12BA0500401AE3 /* Images.xcassets */; };
		FB1E05971A12BA0500401AE3 /* LaunchScreen.xib in Resources */ = {isa = PBXBuildFile; fileRef = FB1E05951A12BA0500401AE3 /* LaunchScreen.xib */; };
		FB1E05A31A12BA0500401AE3 /* LostCharactersChallengeTests.m in Sources */ = {isa = PBXBuildFile; fileRef = FB1E05A21A12BA0500401AE3 /* LostCharactersChallengeTests.m */; };
		FB1E05AD1A12C3DE00401AE3 /* lost.plist in Resources */ = {isa = PBXBuildFile; fileRef = FB1E05AC1A12C3DE00401AE3 /* lost.plist */; };
		FB1E05B01A12D53600401AE3 /* AddCharacterViewController.m in Sources */ = {isa = PBXBuildFile; fileRef = FB1E05AF1A12D53600401AE3 /* AddCharacterViewController.m */; };
		FB1E05B31A12F5BF00401AE3 /* CustomTableViewCell.m in Sources */ = {isa = PBXBuildFile; fileRef = FB1E05B21A12F5BF00401AE3 /* CustomTableViewCell.m */; };
/* End PBXBuildFile section */

/* Begin PBXContainerItemProxy section */
		FB1E059D1A12BA0500401AE3 /* PBXContainerItemProxy */ = {
			isa = PBXContainerItemProxy;
			containerPortal = FB1E05781A12BA0400401AE3 /* Project object */;
			proxyType = 1;
			remoteGlobalIDString = FB1E057F1A12BA0400401AE3;
			remoteInfo = LostCharactersChallenge;
		};
/* End PBXContainerItemProxy section */

/* Begin PBXFileReference section */
		FB1E05801A12BA0500401AE3 /* LostCharactersChallenge.app */ = {isa = PBXFileReference; explicitFileType = wrapper.application; includeInIndex = 0; path = LostCharactersChallenge.app; sourceTree = BUILT_PRODUCTS_DIR; };
		FB1E05841A12BA0500401AE3 /* Info.plist */ = {isa = PBXFileReference; lastKnownFileType = text.plist.xml; path = Info.plist; sourceTree = "<group>"; };
		FB1E05851A12BA0500401AE3 /* main.m */ = {isa = PBXFileReference; lastKnownFileType = sourcecode.c.objc; path = main.m; sourceTree = "<group>"; };
		FB1E05871A12BA0500401AE3 /* AppDelegate.h */ = {isa = PBXFileReference; lastKnownFileType = sourcecode.c.h; path = AppDelegate.h; sourceTree = "<group>"; };
		FB1E05881A12BA0500401AE3 /* AppDelegate.m */ = {isa = PBXFileReference; lastKnownFileType = sourcecode.c.objc; path = AppDelegate.m; sourceTree = "<group>"; };
		FB1E058B1A12BA0500401AE3 /* LostCharactersChallenge.xcdatamodel */ = {isa = PBXFileReference; lastKnownFileType = wrapper.xcdatamodel; path = LostCharactersChallenge.xcdatamodel; sourceTree = "<group>"; };
		FB1E058D1A12BA0500401AE3 /* RootViewController.h */ = {isa = PBXFileReference; lastKnownFileType = sourcecode.c.h; path = RootViewController.h; sourceTree = "<group>"; };
		FB1E058E1A12BA0500401AE3 /* RootViewController.m */ = {isa = PBXFileReference; lastKnownFileType = sourcecode.c.objc; path = RootViewController.m; sourceTree = "<group>"; };
		FB1E05911A12BA0500401AE3 /* Base */ = {isa = PBXFileReference; lastKnownFileType = file.storyboard; name = Base; path = Base.lproj/Main.storyboard; sourceTree = "<group>"; };
		FB1E05931A12BA0500401AE3 /* Images.xcassets */ = {isa = PBXFileReference; lastKnownFileType = folder.assetcatalog; path = Images.xcassets; sourceTree = "<group>"; };
		FB1E05961A12BA0500401AE3 /* Base */ = {isa = PBXFileReference; lastKnownFileType = file.xib; name = Base; path = Base.lproj/LaunchScreen.xib; sourceTree = "<group>"; };
		FB1E059C1A12BA0500401AE3 /* LostCharactersChallengeTests.xctest */ = {isa = PBXFileReference; explicitFileType = wrapper.cfbundle; includeInIndex = 0; path = LostCharactersChallengeTests.xctest; sourceTree = BUILT_PRODUCTS_DIR; };
		FB1E05A11A12BA0500401AE3 /* Info.plist */ = {isa = PBXFileReference; lastKnownFileType = text.plist.xml; path = Info.plist; sourceTree = "<group>"; };
		FB1E05A21A12BA0500401AE3 /* LostCharactersChallengeTests.m */ = {isa = PBXFileReference; lastKnownFileType = sourcecode.c.objc; path = LostCharactersChallengeTests.m; sourceTree = "<group>"; };
		FB1E05AC1A12C3DE00401AE3 /* lost.plist */ = {isa = PBXFileReference; fileEncoding = 4; lastKnownFileType = text.plist.xml; path = lost.plist; sourceTree = "<group>"; };
		FB1E05AE1A12D53600401AE3 /* AddCharacterViewController.h */ = {isa = PBXFileReference; fileEncoding = 4; lastKnownFileType = sourcecode.c.h; path = AddCharacterViewController.h; sourceTree = "<group>"; };
		FB1E05AF1A12D53600401AE3 /* AddCharacterViewController.m */ = {isa = PBXFileReference; fileEncoding = 4; lastKnownFileType = sourcecode.c.objc; path = AddCharacterViewController.m; sourceTree = "<group>"; };
		FB1E05B11A12F5BF00401AE3 /* CustomTableViewCell.h */ = {isa = PBXFileReference; fileEncoding = 4; lastKnownFileType = sourcecode.c.h; path = CustomTableViewCell.h; sourceTree = "<group>"; };
		FB1E05B21A12F5BF00401AE3 /* CustomTableViewCell.m */ = {isa = PBXFileReference; fileEncoding = 4; lastKnownFileType = sourcecode.c.objc; path = CustomTableViewCell.m; sourceTree = "<group>"; };
/* End PBXFileReference section */

/* Begin PBXFrameworksBuildPhase section */
		FB1E057D1A12BA0400401AE3 /* Frameworks */ = {
			isa = PBXFrameworksBuildPhase;
			buildActionMask = 2147483647;
			files = (
			);
			runOnlyForDeploymentPostprocessing = 0;
		};
		FB1E05991A12BA0500401AE3 /* Frameworks */ = {
			isa = PBXFrameworksBuildPhase;
			buildActionMask = 2147483647;
			files = (
			);
			runOnlyForDeploymentPostprocessing = 0;
		};
/* End PBXFrameworksBuildPhase section */

/* Begin PBXGroup section */
		FB1E05771A12BA0400401AE3 = {
			isa = PBXGroup;
			children = (
				FB1E05821A12BA0500401AE3 /* LostCharactersChallenge */,
				FB1E059F1A12BA0500401AE3 /* LostCharactersChallengeTests */,
				FB1E05811A12BA0500401AE3 /* Products */,
			);
			sourceTree = "<group>";
		};
		FB1E05811A12BA0500401AE3 /* Products */ = {
			isa = PBXGroup;
			children = (
				FB1E05801A12BA0500401AE3 /* LostCharactersChallenge.app */,
				FB1E059C1A12BA0500401AE3 /* LostCharactersChallengeTests.xctest */,
			);
			name = Products;
			sourceTree = "<group>";
		};
		FB1E05821A12BA0500401AE3 /* LostCharactersChallenge */ = {
			isa = PBXGroup;
			children = (
				FB1E05871A12BA0500401AE3 /* AppDelegate.h */,
				FB1E05881A12BA0500401AE3 /* AppDelegate.m */,
				FB1E058D1A12BA0500401AE3 /* RootViewController.h */,
				FB1E058E1A12BA0500401AE3 /* RootViewController.m */,
				FB1E05AE1A12D53600401AE3 /* AddCharacterViewController.h */,
				FB1E05AF1A12D53600401AE3 /* AddCharacterViewController.m */,
				FB1E05B11A12F5BF00401AE3 /* CustomTableViewCell.h */,
				FB1E05B21A12F5BF00401AE3 /* CustomTableViewCell.m */,
				FB1E05901A12BA0500401AE3 /* Main.storyboard */,
				FB1E05931A12BA0500401AE3 /* Images.xcassets */,
				FB1E05951A12BA0500401AE3 /* LaunchScreen.xib */,
				FB1E058A1A12BA0500401AE3 /* LostCharactersChallenge.xcdatamodeld */,
				FB1E05831A12BA0500401AE3 /* Supporting Files */,
			);
			path = LostCharactersChallenge;
			sourceTree = "<group>";
		};
		FB1E05831A12BA0500401AE3 /* Supporting Files */ = {
			isa = PBXGroup;
			children = (
				FB1E05841A12BA0500401AE3 /* Info.plist */,
				FB1E05AC1A12C3DE00401AE3 /* lost.plist */,
				FB1E05851A12BA0500401AE3 /* main.m */,
			);
			name = "Supporting Files";
			sourceTree = "<group>";
		};
		FB1E059F1A12BA0500401AE3 /* LostCharactersChallengeTests */ = {
			isa = PBXGroup;
			children = (
				FB1E05A21A12BA0500401AE3 /* LostCharactersChallengeTests.m */,
				FB1E05A01A12BA0500401AE3 /* Supporting Files */,
			);
			path = LostCharactersChallengeTests;
			sourceTree = "<group>";
		};
		FB1E05A01A12BA0500401AE3 /* Supporting Files */ = {
			isa = PBXGroup;
			children = (
				FB1E05A11A12BA0500401AE3 /* Info.plist */,
			);
			name = "Supporting Files";
			sourceTree = "<group>";
		};
/* End PBXGroup section */

/* Begin PBXNativeTarget section */
		FB1E057F1A12BA0400401AE3 /* LostCharactersChallenge */ = {
			isa = PBXNativeTarget;
			buildConfigurationList = FB1E05A61A12BA0500401AE3 /* Build configuration list for PBXNativeTarget "LostCharactersChallenge" */;
			buildPhases = (
				FB1E057C1A12BA0400401AE3 /* Sources */,
				FB1E057D1A12BA0400401AE3 /* Frameworks */,
				FB1E057E1A12BA0400401AE3 /* Resources */,
			);
			buildRules = (
			);
			dependencies = (
			);
			name = LostCharactersChallenge;
			productName = LostCharactersChallenge;
			productReference = FB1E05801A12BA0500401AE3 /* LostCharactersChallenge.app */;
			productType = "com.apple.product-type.application";
		};
		FB1E059B1A12BA0500401AE3 /* LostCharactersChallengeTests */ = {
			isa = PBXNativeTarget;
			buildConfigurationList = FB1E05A91A12BA0500401AE3 /* Build configuration list for PBXNativeTarget "LostCharactersChallengeTests" */;
			buildPhases = (
				FB1E05981A12BA0500401AE3 /* Sources */,
				FB1E05991A12BA0500401AE3 /* Frameworks */,
				FB1E059A1A12BA0500401AE3 /* Resources */,
			);
			buildRules = (
			);
			dependencies = (
				FB1E059E1A12BA0500401AE3 /* PBXTargetDependency */,
			);
			name = LostCharactersChallengeTests;
			productName = LostCharactersChallengeTests;
			productReference = FB1E059C1A12BA0500401AE3 /* LostCharactersChallengeTests.xctest */;
			productType = "com.apple.product-type.bundle.unit-test";
		};
/* End PBXNativeTarget section */

/* Begin PBXProject section */
		FB1E05781A12BA0400401AE3 /* Project object */ = {
			isa = PBXProject;
			attributes = {
				LastUpgradeCheck = 0610;
				ORGANIZATIONNAME = "May Yang";
				TargetAttributes = {
					FB1E057F1A12BA0400401AE3 = {
						CreatedOnToolsVersion = 6.1;
					};
					FB1E059B1A12BA0500401AE3 = {
						CreatedOnToolsVersion = 6.1;
						TestTargetID = FB1E057F1A12BA0400401AE3;
					};
				};
			};
			buildConfigurationList = FB1E057B1A12BA0400401AE3 /* Build configuration list for PBXProject "LostCharactersChallenge" */;
			compatibilityVersion = "Xcode 3.2";
			developmentRegion = English;
			hasScannedForEncodings = 0;
			knownRegions = (
				en,
				Base,
			);
			mainGroup = FB1E05771A12BA0400401AE3;
			productRefGroup = FB1E05811A12BA0500401AE3 /* Products */;
			projectDirPath = "";
			projectRoot = "";
			targets = (
				FB1E057F1A12BA0400401AE3 /* LostCharactersChallenge */,
				FB1E059B1A12BA0500401AE3 /* LostCharactersChallengeTests */,
			);
		};
/* End PBXProject section */

/* Begin PBXResourcesBuildPhase section */
		FB1E057E1A12BA0400401AE3 /* Resources */ = {
			isa = PBXResourcesBuildPhase;
			buildActionMask = 2147483647;
			files = (
				FB1E05921A12BA0500401AE3 /* Main.storyboard in Resources */,
				FB1E05971A12BA0500401AE3 /* LaunchScreen.xib in Resources */,
				FB1E05AD1A12C3DE00401AE3 /* lost.plist in Resources */,
				FB1E05941A12BA0500401AE3 /* Images.xcassets in Resources */,
			);
			runOnlyForDeploymentPostprocessing = 0;
		};
		FB1E059A1A12BA0500401AE3 /* Resources */ = {
			isa = PBXResourcesBuildPhase;
			buildActionMask = 2147483647;
			files = (
			);
			runOnlyForDeploymentPostprocessing = 0;
		};
/* End PBXResourcesBuildPhase section */

/* Begin PBXSourcesBuildPhase section */
		FB1E057C1A12BA0400401AE3 /* Sources */ = {
			isa = PBXSourcesBuildPhase;
			buildActionMask = 2147483647;
			files = (
				FB1E05891A12BA0500401AE3 /* AppDelegate.m in Sources */,
				FB1E058C1A12BA0500401AE3 /* LostCharactersChallenge.xcdatamodeld in Sources */,
				FB1E05B31A12F5BF00401AE3 /* CustomTableViewCell.m in Sources */,
				FB1E05B01A12D53600401AE3 /* AddCharacterViewController.m in Sources */,
				FB1E058F1A12BA0500401AE3 /* RootViewController.m in Sources */,
				FB1E05861A12BA0500401AE3 /* main.m in Sources */,
			);
			runOnlyForDeploymentPostprocessing = 0;
		};
		FB1E05981A12BA0500401AE3 /* Sources */ = {
			isa = PBXSourcesBuildPhase;
			buildActionMask = 2147483647;
			files = (
				FB1E05A31A12BA0500401AE3 /* LostCharactersChallengeTests.m in Sources */,
			);
			runOnlyForDeploymentPostprocessing = 0;
		};
/* End PBXSourcesBuildPhase section */

/* Begin PBXTargetDependency section */
		FB1E059E1A12BA0500401AE3 /* PBXTargetDependency */ = {
			isa = PBXTargetDependency;
			target = FB1E057F1A12BA0400401AE3 /* LostCharactersChallenge */;
			targetProxy = FB1E059D1A12BA0500401AE3 /* PBXContainerItemProxy */;
		};
/* End PBXTargetDependency section */

/* Begin PBXVariantGroup section */
		FB1E05901A12BA0500401AE3 /* Main.storyboard */ = {
			isa = PBXVariantGroup;
			children = (
				FB1E05911A12BA0500401AE3 /* Base */,
			);
			name = Main.storyboard;
			sourceTree = "<group>";
		};
		FB1E05951A12BA0500401AE3 /* LaunchScreen.xib */ = {
			isa = PBXVariantGroup;
			children = (
				FB1E05961A12BA0500401AE3 /* Base */,
			);
			name = LaunchScreen.xib;
			sourceTree = "<group>";
		};
/* End PBXVariantGroup section */

/* Begin XCBuildConfiguration section */
		FB1E05A41A12BA0500401AE3 /* Debug */ = {
			isa = XCBuildConfiguration;
			buildSettings = {
				ALWAYS_SEARCH_USER_PATHS = NO;
				CLANG_CXX_LANGUAGE_STANDARD = "gnu++0x";
				CLANG_CXX_LIBRARY = "libc++";
				CLANG_ENABLE_MODULES = YES;
				CLANG_ENABLE_OBJC_ARC = YES;
				CLANG_WARN_BOOL_CONVERSION = YES;
				CLANG_WARN_CONSTANT_CONVERSION = YES;
				CLANG_WARN_DIRECT_OBJC_ISA_USAGE = YES_ERROR;
				CLANG_WARN_EMPTY_BODY = YES;
				CLANG_WARN_ENUM_CONVERSION = YES;
				CLANG_WARN_INT_CONVERSION = YES;
				CLANG_WARN_OBJC_ROOT_CLASS = YES_ERROR;
				CLANG_WARN_UNREACHABLE_CODE = YES;
				CLANG_WARN__DUPLICATE_METHOD_MATCH = YES;
				"CODE_SIGN_IDENTITY[sdk=iphoneos*]" = "iPhone Developer";
				COPY_PHASE_STRIP = NO;
				ENABLE_STRICT_OBJC_MSGSEND = YES;
				GCC_C_LANGUAGE_STANDARD = gnu99;
				GCC_DYNAMIC_NO_PIC = NO;
				GCC_OPTIMIZATION_LEVEL = 0;
				GCC_PREPROCESSOR_DEFINITIONS = (
					"DEBUG=1",
					"$(inherited)",
				);
				GCC_SYMBOLS_PRIVATE_EXTERN = NO;
				GCC_WARN_64_TO_32_BIT_CONVERSION = YES;
				GCC_WARN_ABOUT_RETURN_TYPE = YES_ERROR;
				GCC_WARN_UNDECLARED_SELECTOR = YES;
				GCC_WARN_UNINITIALIZED_AUTOS = YES_AGGRESSIVE;
				GCC_WARN_UNUSED_FUNCTION = YES;
				GCC_WARN_UNUSED_VARIABLE = YES;
				IPHONEOS_DEPLOYMENT_TARGET = 8.1;
				MTL_ENABLE_DEBUG_INFO = YES;
				ONLY_ACTIVE_ARCH = YES;
				SDKROOT = iphoneos;
			};
			name = Debug;
		};
		FB1E05A51A12BA0500401AE3 /* Release */ = {
			isa = XCBuildConfiguration;
			buildSettings = {
				ALWAYS_SEARCH_USER_PATHS = NO;
				CLANG_CXX_LANGUAGE_STANDARD = "gnu++0x";
				CLANG_CXX_LIBRARY = "libc++";
				CLANG_ENABLE_MODULES = YES;
				CLANG_ENABLE_OBJC_ARC = YES;
				CLANG_WARN_BOOL_CONVERSION = YES;
				CLANG_WARN_CONSTANT_CONVERSION = YES;
				CLANG_WARN_DIRECT_OBJC_ISA_USAGE = YES_ERROR;
				CLANG_WARN_EMPTY_BODY = YES;
				CLANG_WARN_ENUM_CONVERSION = YES;
				CLANG_WARN_INT_CONVERSION = YES;
				CLANG_WARN_OBJC_ROOT_CLASS = YES_ERROR;
				CLANG_WARN_UNREACHABLE_CODE = YES;
				CLANG_WARN__DUPLICATE_METHOD_MATCH = YES;
				"CODE_SIGN_IDENTITY[sdk=iphoneos*]" = "iPhone Developer";
				COPY_PHASE_STRIP = YES;
				ENABLE_NS_ASSERTIONS = NO;
				ENABLE_STRICT_OBJC_MSGSEND = YES;
				GCC_C_LANGUAGE_STANDARD = gnu99;
				GCC_WARN_64_TO_32_BIT_CONVERSION = YES;
				GCC_WARN_ABOUT_RETURN_TYPE = YES_ERROR;
				GCC_WARN_UNDECLARED_SELECTOR = YES;
				GCC_WARN_UNINITIALIZED_AUTOS = YES_AGGRESSIVE;
				GCC_WARN_UNUSED_FUNCTION = YES;
				GCC_WARN_UNUSED_VARIABLE = YES;
				IPHONEOS_DEPLOYMENT_TARGET = 8.1;
				MTL_ENABLE_DEBUG_INFO = NO;
				SDKROOT = iphoneos;
				VALIDATE_PRODUCT = YES;
			};
			name = Release;
		};
		FB1E05A71A12BA0500401AE3 /* Debug */ = {
			isa = XCBuildConfiguration;
			buildSettings = {
				ASSETCATALOG_COMPILER_APPICON_NAME = AppIcon;
				INFOPLIST_FILE = LostCharactersChallenge/Info.plist;
				LD_RUNPATH_SEARCH_PATHS = "$(inherited) @executable_path/Frameworks";
				PRODUCT_NAME = "$(TARGET_NAME)";
			};
			name = Debug;
		};
		FB1E05A81A12BA0500401AE3 /* Release */ = {
			isa = XCBuildConfiguration;
			buildSettings = {
				ASSETCATALOG_COMPILER_APPICON_NAME = AppIcon;
				INFOPLIST_FILE = LostCharactersChallenge/Info.plist;
				LD_RUNPATH_SEARCH_PATHS = "$(inherited) @executable_path/Frameworks";
				PRODUCT_NAME = "$(TARGET_NAME)";
			};
			name = Release;
		};
		FB1E05AA1A12BA0500401AE3 /* Debug */ = {
			isa = XCBuildConfiguration;
			buildSettings = {
				BUNDLE_LOADER = "$(TEST_HOST)";
				FRAMEWORK_SEARCH_PATHS = (
					"$(SDKROOT)/Developer/Library/Frameworks",
					"$(inherited)",
				);
				GCC_PREPROCESSOR_DEFINITIONS = (
					"DEBUG=1",
					"$(inherited)",
				);
				INFOPLIST_FILE = LostCharactersChallengeTests/Info.plist;
				LD_RUNPATH_SEARCH_PATHS = "$(inherited) @executable_path/Frameworks @loader_path/Frameworks";
				PRODUCT_NAME = "$(TARGET_NAME)";
				TEST_HOST = "$(BUILT_PRODUCTS_DIR)/LostCharactersChallenge.app/LostCharactersChallenge";
			};
			name = Debug;
		};
		FB1E05AB1A12BA0500401AE3 /* Release */ = {
			isa = XCBuildConfiguration;
			buildSettings = {
				BUNDLE_LOADER = "$(TEST_HOST)";
				FRAMEWORK_SEARCH_PATHS = (
					"$(SDKROOT)/Developer/Library/Frameworks",
					"$(inherited)",
				);
				INFOPLIST_FILE = LostCharactersChallengeTests/Info.plist;
				LD_RUNPATH_SEARCH_PATHS = "$(inherited) @executable_path/Frameworks @loader_path/Frameworks";
				PRODUCT_NAME = "$(TARGET_NAME)";
				TEST_HOST = "$(BUILT_PRODUCTS_DIR)/LostCharactersChallenge.app/LostCharactersChallenge";
			};
			name = Release;
		};
/* End XCBuildConfiguration section */

/* Begin XCConfigurationList section */
		FB1E057B1A12BA0400401AE3 /* Build configuration list for PBXProject "LostCharactersChallenge" */ = {
			isa = XCConfigurationList;
			buildConfigurations = (
				FB1E05A41A12BA0500401AE3 /* Debug */,
				FB1E05A51A12BA0500401AE3 /* Release */,
			);
			defaultConfigurationIsVisible = 0;
			defaultConfigurationName = Release;
		};
		FB1E05A61A12BA0500401AE3 /* Build configuration list for PBXNativeTarget "LostCharactersChallenge" */ = {
			isa = XCConfigurationList;
			buildConfigurations = (
				FB1E05A71A12BA0500401AE3 /* Debug */,
				FB1E05A81A12BA0500401AE3 /* Release */,
			);
			defaultConfigurationIsVisible = 0;
		};
		FB1E05A91A12BA0500401AE3 /* Build configuration list for PBXNativeTarget "LostCharactersChallengeTests" */ = {
			isa = XCConfigurationList;
			buildConfigurations = (
				FB1E05AA1A12BA0500401AE3 /* Debug */,
				FB1E05AB1A12BA0500401AE3 /* Release */,
			);
			defaultConfigurationIsVisible = 0;
		};
/* End XCConfigurationList section */

/* Begin XCVersionGroup section */
		FB1E058A1A12BA0500401AE3 /* LostCharactersChallenge.xcdatamodeld */ = {
			isa = XCVersionGroup;
			children = (
				FB1E058B1A12BA0500401AE3 /* LostCharactersChallenge.xcdatamodel */,
			);
			currentVersion = FB1E058B1A12BA0500401AE3 /* LostCharactersChallenge.xcdatamodel */;
			path = LostCharactersChallenge.xcdatamodeld;
			sourceTree = "<group>";
			versionGroupType = wrapper.xcdatamodel;
		};
/* End XCVersionGroup section */
	};
	rootObject = FB1E05781A12BA0400401AE3 /* Project object */;
}
